
Microsoft Visual Studio Solution File, Format Version 12.00
# Visual Studio Version 17
VisualStudioVersion = 17.5.33424.131
MinimumVisualStudioVersion = 10.0.40219.1
Project("{FAE04EC0-301F-11D3-BF4B-00C04F79EFBC}") = "AbstractAnimals", "AbstractAnimals.csproj", "{25C430CA-E9FC-4D27-A357-0918E9D0C633}"
EndProject
Global
	GlobalSection(SolutionConfigurationPlatforms) = preSolution
		Debug|Any CPU = Debug|Any CPU
		Release|Any CPU = Release|Any CPU
	EndGlobalSection
	GlobalSection(ProjectConfigurationPlatforms) = postSolution
		{25C430CA-E9FC-4D27-A357-0918E9D0C633}.Debug|Any CPU.ActiveCfg = Debug|Any CPU
		{25C430CA-E9FC-4D27-A357-0918E9D0C633}.Debug|Any CPU.Build.0 = Debug|Any CPU
		{25C430CA-E9FC-4D27-A357-0918E9D0C633}.Release|Any CPU.ActiveCfg = Release|Any CPU
		{25C430CA-E9FC-4D27-A357-0918E9D0C633}.Release|Any CPU.Build.0 = Release|Any CPU
	EndGlobalSection
	GlobalSection(SolutionProperties) = preSolution
		HideSolutionNode = FALSE
	EndGlobalSection
	GlobalSection(ExtensibilityGlobals) = postSolution
		SolutionGuid = {3F32322C-9D45-486D-9383-EC9A1243ABB4}
	EndGlobalSection
EndGlobal
