
Microsoft Visual Studio Solution File, Format Version 12.00
# Visual Studio Version 17
VisualStudioVersion = 17.5.33424.131
MinimumVisualStudioVersion = 10.0.40219.1
Project("{FAE04EC0-301F-11D3-BF4B-00C04F79EFBC}") = "SqlClientDemo", "SqlClientDemo.csproj", "{083CBF90-FC3D-4CBE-8EC6-A4A89C30CFA6}"
EndProject
Global
	GlobalSection(SolutionConfigurationPlatforms) = preSolution
		Debug|Any CPU = Debug|Any CPU
		Release|Any CPU = Release|Any CPU
	EndGlobalSection
	GlobalSection(ProjectConfigurationPlatforms) = postSolution
		{083CBF90-FC3D-4CBE-8EC6-A4A89C30CFA6}.Debug|Any CPU.ActiveCfg = Debug|Any CPU
		{083CBF90-FC3D-4CBE-8EC6-A4A89C30CFA6}.Debug|Any CPU.Build.0 = Debug|Any CPU
		{083CBF90-FC3D-4CBE-8EC6-A4A89C30CFA6}.Release|Any CPU.ActiveCfg = Release|Any CPU
		{083CBF90-FC3D-4CBE-8EC6-A4A89C30CFA6}.Release|Any CPU.Build.0 = Release|Any CPU
	EndGlobalSection
	GlobalSection(SolutionProperties) = preSolution
		HideSolutionNode = FALSE
	EndGlobalSection
	GlobalSection(ExtensibilityGlobals) = postSolution
		SolutionGuid = {09C7E4DE-C074-413F-B470-A7A12DF8107E}
	EndGlobalSection
EndGlobal
