
Microsoft Visual Studio Solution File, Format Version 12.00
# Visual Studio Version 17
VisualStudioVersion = 17.5.33424.131
MinimumVisualStudioVersion = 10.0.40219.1
Project("{FAE04EC0-301F-11D3-BF4B-00C04F79EFBC}") = "Exceptions", "Exceptions.csproj", "{9E023AA2-0847-44D0-B7EB-EDB9EC31B7F2}"
EndProject
Global
	GlobalSection(SolutionConfigurationPlatforms) = preSolution
		Debug|Any CPU = Debug|Any CPU
		Release|Any CPU = Release|Any CPU
	EndGlobalSection
	GlobalSection(ProjectConfigurationPlatforms) = postSolution
		{9E023AA2-0847-44D0-B7EB-EDB9EC31B7F2}.Debug|Any CPU.ActiveCfg = Debug|Any CPU
		{9E023AA2-0847-44D0-B7EB-EDB9EC31B7F2}.Debug|Any CPU.Build.0 = Debug|Any CPU
		{9E023AA2-0847-44D0-B7EB-EDB9EC31B7F2}.Release|Any CPU.ActiveCfg = Release|Any CPU
		{9E023AA2-0847-44D0-B7EB-EDB9EC31B7F2}.Release|Any CPU.Build.0 = Release|Any CPU
	EndGlobalSection
	GlobalSection(SolutionProperties) = preSolution
		HideSolutionNode = FALSE
	EndGlobalSection
	GlobalSection(ExtensibilityGlobals) = postSolution
		SolutionGuid = {DFFE37B8-01A2-44EA-85AE-3896E5727FD0}
	EndGlobalSection
EndGlobal
