
Microsoft Visual Studio Solution File, Format Version 12.00
# Visual Studio Version 17
VisualStudioVersion = 17.5.33424.131
MinimumVisualStudioVersion = 10.0.40219.1
Project("{FAE04EC0-301F-11D3-BF4B-00C04F79EFBC}") = "InputOutput", "InputOutput.csproj", "{89CFBB0A-F580-4ED7-99D1-6564AC963256}"
EndProject
Global
	GlobalSection(SolutionConfigurationPlatforms) = preSolution
		Debug|Any CPU = Debug|Any CPU
		Release|Any CPU = Release|Any CPU
	EndGlobalSection
	GlobalSection(ProjectConfigurationPlatforms) = postSolution
		{89CFBB0A-F580-4ED7-99D1-6564AC963256}.Debug|Any CPU.ActiveCfg = Debug|Any CPU
		{89CFBB0A-F580-4ED7-99D1-6564AC963256}.Debug|Any CPU.Build.0 = Debug|Any CPU
		{89CFBB0A-F580-4ED7-99D1-6564AC963256}.Release|Any CPU.ActiveCfg = Release|Any CPU
		{89CFBB0A-F580-4ED7-99D1-6564AC963256}.Release|Any CPU.Build.0 = Release|Any CPU
	EndGlobalSection
	GlobalSection(SolutionProperties) = preSolution
		HideSolutionNode = FALSE
	EndGlobalSection
	GlobalSection(ExtensibilityGlobals) = postSolution
		SolutionGuid = {208BC5FC-01BC-4747-B2CF-E07332C17E6B}
	EndGlobalSection
EndGlobal
